
Microsoft Visual Studio Solution File, Format Version 12.00
# Visual Studio Version 17
VisualStudioVersion = 17.8.34330.188
MinimumVisualStudioVersion = 10.0.40219.1
Project("{FAE04EC0-301F-11D3-BF4B-00C04F79EFBC}") = "DevoraLime.Domain", "DevoraLime.Domain\DevoraLime.Domain.csproj", "{0E3D8CA7-E815-4C1F-80C0-F4DD7AAFD155}"
EndProject
Project("{FAE04EC0-301F-11D3-BF4B-00C04F79EFBC}") = "DevoraLime.Application", "DevoraLime.Application\DevoraLime.Application.csproj", "{7ABBCD9B-8051-46B4-AB0B-2C8A0940D7EA}"
EndProject
Project("{FAE04EC0-301F-11D3-BF4B-00C04F79EFBC}") = "DevoraLime.Infrastructure", "DevoraLime.Infrastructure\DevoraLime.Infrastructure.csproj", "{ED49E10E-AD60-445D-8A6F-25844AC20FB7}"
EndProject
Project("{FAE04EC0-301F-11D3-BF4B-00C04F79EFBC}") = "DevoraLime.WebApi", "DevoraLime.WebApi\DevoraLime.WebApi.csproj", "{1F5D8EFF-302F-4C92-8E1A-AE415CD44F38}"
EndProject
Project("{FAE04EC0-301F-11D3-BF4B-00C04F79EFBC}") = "DevoraLime.Domain.Tests", "DevoraLime.Domain.Tests\DevoraLime.Domain.Tests.csproj", "{BB5E6667-8B95-4EB7-8802-E624F728A212}"
EndProject
Project("{FAE04EC0-301F-11D3-BF4B-00C04F79EFBC}") = "DevoraLime.Application.Tests", "DevoraLime.Application.Tests\DevoraLime.Application.Tests.csproj", "{B094BFD9-AE60-4DB0-875F-A302E77E34DA}"
EndProject
Global
	GlobalSection(SolutionConfigurationPlatforms) = preSolution
		Debug|Any CPU = Debug|Any CPU
		Release|Any CPU = Release|Any CPU
	EndGlobalSection
	GlobalSection(ProjectConfigurationPlatforms) = postSolution
		{0E3D8CA7-E815-4C1F-80C0-F4DD7AAFD155}.Debug|Any CPU.ActiveCfg = Debug|Any CPU
		{0E3D8CA7-E815-4C1F-80C0-F4DD7AAFD155}.Debug|Any CPU.Build.0 = Debug|Any CPU
		{0E3D8CA7-E815-4C1F-80C0-F4DD7AAFD155}.Release|Any CPU.ActiveCfg = Release|Any CPU
		{0E3D8CA7-E815-4C1F-80C0-F4DD7AAFD155}.Release|Any CPU.Build.0 = Release|Any CPU
		{7ABBCD9B-8051-46B4-AB0B-2C8A0940D7EA}.Debug|Any CPU.ActiveCfg = Debug|Any CPU
		{7ABBCD9B-8051-46B4-AB0B-2C8A0940D7EA}.Debug|Any CPU.Build.0 = Debug|Any CPU
		{7ABBCD9B-8051-46B4-AB0B-2C8A0940D7EA}.Release|Any CPU.ActiveCfg = Release|Any CPU
		{7ABBCD9B-8051-46B4-AB0B-2C8A0940D7EA}.Release|Any CPU.Build.0 = Release|Any CPU
		{ED49E10E-AD60-445D-8A6F-25844AC20FB7}.Debug|Any CPU.ActiveCfg = Debug|Any CPU
		{ED49E10E-AD60-445D-8A6F-25844AC20FB7}.Debug|Any CPU.Build.0 = Debug|Any CPU
		{ED49E10E-AD60-445D-8A6F-25844AC20FB7}.Release|Any CPU.ActiveCfg = Release|Any CPU
		{ED49E10E-AD60-445D-8A6F-25844AC20FB7}.Release|Any CPU.Build.0 = Release|Any CPU
		{1F5D8EFF-302F-4C92-8E1A-AE415CD44F38}.Debug|Any CPU.ActiveCfg = Debug|Any CPU
		{1F5D8EFF-302F-4C92-8E1A-AE415CD44F38}.Debug|Any CPU.Build.0 = Debug|Any CPU
		{1F5D8EFF-302F-4C92-8E1A-AE415CD44F38}.Release|Any CPU.ActiveCfg = Release|Any CPU
		{1F5D8EFF-302F-4C92-8E1A-AE415CD44F38}.Release|Any CPU.Build.0 = Release|Any CPU
		{BB5E6667-8B95-4EB7-8802-E624F728A212}.Debug|Any CPU.ActiveCfg = Debug|Any CPU
		{BB5E6667-8B95-4EB7-8802-E624F728A212}.Debug|Any CPU.Build.0 = Debug|Any CPU
		{BB5E6667-8B95-4EB7-8802-E624F728A212}.Release|Any CPU.ActiveCfg = Release|Any CPU
		{BB5E6667-8B95-4EB7-8802-E624F728A212}.Release|Any CPU.Build.0 = Release|Any CPU
		{B094BFD9-AE60-4DB0-875F-A302E77E34DA}.Debug|Any CPU.ActiveCfg = Debug|Any CPU
		{B094BFD9-AE60-4DB0-875F-A302E77E34DA}.Debug|Any CPU.Build.0 = Debug|Any CPU
		{B094BFD9-AE60-4DB0-875F-A302E77E34DA}.Release|Any CPU.ActiveCfg = Release|Any CPU
		{B094BFD9-AE60-4DB0-875F-A302E77E34DA}.Release|Any CPU.Build.0 = Release|Any CPU
	EndGlobalSection
	GlobalSection(SolutionProperties) = preSolution
		HideSolutionNode = FALSE
	EndGlobalSection
	GlobalSection(ExtensibilityGlobals) = postSolution
		SolutionGuid = {BEF34464-BE20-43A4-9E6B-D197A5BBB590}
	EndGlobalSection
EndGlobal
